
Microsoft Visual Studio Solution File, Format Version 12.00
# Visual Studio Version 17
VisualStudioVersion = 17.4.33110.190
MinimumVisualStudioVersion = 10.0.40219.1
Project("{FAE04EC0-301F-11D3-BF4B-00C04F79EFBC}") = "RossiEventos", "RossiEventos\RossiEventos.csproj", "{C14C5625-5393-4C61-A127-B99FD31E486F}"
EndProject
Global
	GlobalSection(SolutionConfigurationPlatforms) = preSolution
		Debug|Any CPU = Debug|Any CPU
		Release|Any CPU = Release|Any CPU
	EndGlobalSection
	GlobalSection(ProjectConfigurationPlatforms) = postSolution
		{C14C5625-5393-4C61-A127-B99FD31E486F}.Debug|Any CPU.ActiveCfg = Debug|Any CPU
		{C14C5625-5393-4C61-A127-B99FD31E486F}.Debug|Any CPU.Build.0 = Debug|Any CPU
		{C14C5625-5393-4C61-A127-B99FD31E486F}.Release|Any CPU.ActiveCfg = Release|Any CPU
		{C14C5625-5393-4C61-A127-B99FD31E486F}.Release|Any CPU.Build.0 = Release|Any CPU
	EndGlobalSection
	GlobalSection(SolutionProperties) = preSolution
		HideSolutionNode = FALSE
	EndGlobalSection
	GlobalSection(ExtensibilityGlobals) = postSolution
		SolutionGuid = {6D6077F4-F702-4D88-90F8-9AED2179FD54}
	EndGlobalSection
EndGlobal
